
Microsoft Visual Studio Solution File, Format Version 12.00
# Visual Studio Version 17
VisualStudioVersion = 17.14.36511.14 d17.14
MinimumVisualStudioVersion = 10.0.40219.1
Project("{FAE04EC0-301F-11D3-BF4B-00C04F79EFBC}") = "RoyalBarber", "RoyalBarber\RoyalBarber.csproj", "{9C936EB0-B0A5-4E20-A33F-8CB4A45307EC}"
EndProject
Global
	GlobalSection(SolutionConfigurationPlatforms) = preSolution
		Debug|Any CPU = Debug|Any CPU
		Release|Any CPU = Release|Any CPU
	EndGlobalSection
	GlobalSection(ProjectConfigurationPlatforms) = postSolution
		{9C936EB0-B0A5-4E20-A33F-8CB4A45307EC}.Debug|Any CPU.ActiveCfg = Debug|Any CPU
		{9C936EB0-B0A5-4E20-A33F-8CB4A45307EC}.Debug|Any CPU.Build.0 = Debug|Any CPU
		{9C936EB0-B0A5-4E20-A33F-8CB4A45307EC}.Release|Any CPU.ActiveCfg = Release|Any CPU
		{9C936EB0-B0A5-4E20-A33F-8CB4A45307EC}.Release|Any CPU.Build.0 = Release|Any CPU
	EndGlobalSection
	GlobalSection(SolutionProperties) = preSolution
		HideSolutionNode = FALSE
	EndGlobalSection
	GlobalSection(ExtensibilityGlobals) = postSolution
		SolutionGuid = {CE04668C-ECC3-49F8-89A3-FABA83089330}
	EndGlobalSection
EndGlobal
